
Microsoft Visual Studio Solution File, Format Version 12.00
# Visual Studio 15
VisualStudioVersion = 15.0.27130.2027
MinimumVisualStudioVersion = 10.0.40219.1
Project("{2150E333-8FDC-42A3-9474-1A3956D46DE8}") = "Solution Items", "Solution Items", "{E1AD382E-CF73-4008-94BE-80F2DA58EE6B}"
	ProjectSection(SolutionItems) = preProject
		.editorconfig = .editorconfig
		_config.yml = _config.yml
		build-packages.ps1 = build-packages.ps1
		global.json = global.json
		README.md = README.md
	EndProjectSection
EndProject
Project("{2150E333-8FDC-42A3-9474-1A3956D46DE8}") = "Tests", "Tests", "{805807CA-32A9-4098-8A88-96A6562EC482}"
EndProject
Project("{FAE04EC0-301F-11D3-BF4B-00C04F79EFBC}") = "DbLocalizationProvider.AspNet", "src\DbLocalizationProvider.AspNet\DbLocalizationProvider.AspNet.csproj", "{BFFF1D76-E64F-47BE-B77E-E0873977B3B3}"
EndProject
Project("{9A19103F-16F7-4668-BE54-9A1E7A4F7556}") = "DbLocalizationProvider.Abstractions", "lib\localization-provider\src\DbLocalizationProvider.Abstractions\DbLocalizationProvider.Abstractions.csproj", "{3B7F3677-B2E7-4275-B4A5-DC539E90C8A4}"
EndProject
Project("{9A19103F-16F7-4668-BE54-9A1E7A4F7556}") = "DbLocalizationProvider", "lib\localization-provider\src\DbLocalizationProvider\DbLocalizationProvider.csproj", "{28910BE9-70C9-4A1D-A12D-57FFB0464432}"
EndProject
Project("{FAE04EC0-301F-11D3-BF4B-00C04F79EFBC}") = "DbLocalizationProvider.AdminUI.Tests", "tests\DbLocalizationProvider.AdminUI.Tests\DbLocalizationProvider.AdminUI.Tests.csproj", "{9467E0EE-9750-4211-8964-F8731C09BFC0}"
EndProject
Project("{FAE04EC0-301F-11D3-BF4B-00C04F79EFBC}") = "DbLocalizationProvider.MvcSample", "tests\DbLocalizationProvider.MvcSample\DbLocalizationProvider.MvcSample.csproj", "{78C3B303-08D5-4F40-AE7D-16A23D9E8694}"
EndProject
Project("{FAE04EC0-301F-11D3-BF4B-00C04F79EFBC}") = "DbLocalizationProvider.Xliff.Tests", "tests\DbLocalizationProvider.Xliff.Tests\DbLocalizationProvider.Xliff.Tests.csproj", "{7A0103A4-9273-4EDD-8FCC-118E230638A7}"
EndProject
Project("{FAE04EC0-301F-11D3-BF4B-00C04F79EFBC}") = "DbLocalizationProvider.AdminUI", "src\DbLocalizationProvider.AdminUI\DbLocalizationProvider.AdminUI.csproj", "{8F0618D8-8200-45E9-9D1E-B268E98E0A84}"
EndProject
Project("{FAE04EC0-301F-11D3-BF4B-00C04F79EFBC}") = "DbLocalizationProvider.Xliff", "src\DbLocalizationProvider.Xliff\DbLocalizationProvider.Xliff.csproj", "{1B38B864-FFA5-498B-93BC-39F17B604202}"
EndProject
Project("{2150E333-8FDC-42A3-9474-1A3956D46DE8}") = "docs", "docs", "{7C04A49C-39C4-4F42-8ACD-90DBCC385FAE}"
	ProjectSection(SolutionItems) = preProject
		docs\getting-started-net.md = docs\getting-started-net.md
	EndProjectSection
EndProject
Project("{FAE04EC0-301F-11D3-BF4B-00C04F79EFBC}") = "DbLocalizationProvider.AspNet.Tests", "tests\DbLocalizationProvider.AspNet.Tests\DbLocalizationProvider.AspNet.Tests.csproj", "{31E60906-0D56-465A-B9C6-3C6DB2E0EB59}"
EndProject
Global
	GlobalSection(SolutionConfigurationPlatforms) = preSolution
		Debug|Any CPU = Debug|Any CPU
		Release|Any CPU = Release|Any CPU
	EndGlobalSection
	GlobalSection(ProjectConfigurationPlatforms) = postSolution
		{BFFF1D76-E64F-47BE-B77E-E0873977B3B3}.Debug|Any CPU.ActiveCfg = Debug|Any CPU
		{BFFF1D76-E64F-47BE-B77E-E0873977B3B3}.Debug|Any CPU.Build.0 = Debug|Any CPU
		{BFFF1D76-E64F-47BE-B77E-E0873977B3B3}.Release|Any CPU.ActiveCfg = Release|Any CPU
		{BFFF1D76-E64F-47BE-B77E-E0873977B3B3}.Release|Any CPU.Build.0 = Release|Any CPU
		{3B7F3677-B2E7-4275-B4A5-DC539E90C8A4}.Debug|Any CPU.ActiveCfg = Debug|Any CPU
		{3B7F3677-B2E7-4275-B4A5-DC539E90C8A4}.Debug|Any CPU.Build.0 = Debug|Any CPU
		{3B7F3677-B2E7-4275-B4A5-DC539E90C8A4}.Release|Any CPU.ActiveCfg = Release|Any CPU
		{3B7F3677-B2E7-4275-B4A5-DC539E90C8A4}.Release|Any CPU.Build.0 = Release|Any CPU
		{28910BE9-70C9-4A1D-A12D-57FFB0464432}.Debug|Any CPU.ActiveCfg = Debug|Any CPU
		{28910BE9-70C9-4A1D-A12D-57FFB0464432}.Debug|Any CPU.Build.0 = Debug|Any CPU
		{28910BE9-70C9-4A1D-A12D-57FFB0464432}.Release|Any CPU.ActiveCfg = Release|Any CPU
		{28910BE9-70C9-4A1D-A12D-57FFB0464432}.Release|Any CPU.Build.0 = Release|Any CPU
		{9467E0EE-9750-4211-8964-F8731C09BFC0}.Debug|Any CPU.ActiveCfg = Debug|Any CPU
		{9467E0EE-9750-4211-8964-F8731C09BFC0}.Debug|Any CPU.Build.0 = Debug|Any CPU
		{9467E0EE-9750-4211-8964-F8731C09BFC0}.Release|Any CPU.ActiveCfg = Release|Any CPU
		{9467E0EE-9750-4211-8964-F8731C09BFC0}.Release|Any CPU.Build.0 = Release|Any CPU
		{78C3B303-08D5-4F40-AE7D-16A23D9E8694}.Debug|Any CPU.ActiveCfg = Debug|Any CPU
		{78C3B303-08D5-4F40-AE7D-16A23D9E8694}.Debug|Any CPU.Build.0 = Debug|Any CPU
		{78C3B303-08D5-4F40-AE7D-16A23D9E8694}.Release|Any CPU.ActiveCfg = Release|Any CPU
		{78C3B303-08D5-4F40-AE7D-16A23D9E8694}.Release|Any CPU.Build.0 = Release|Any CPU
		{7A0103A4-9273-4EDD-8FCC-118E230638A7}.Debug|Any CPU.ActiveCfg = Debug|Any CPU
		{7A0103A4-9273-4EDD-8FCC-118E230638A7}.Debug|Any CPU.Build.0 = Debug|Any CPU
		{7A0103A4-9273-4EDD-8FCC-118E230638A7}.Release|Any CPU.ActiveCfg = Release|Any CPU
		{7A0103A4-9273-4EDD-8FCC-118E230638A7}.Release|Any CPU.Build.0 = Release|Any CPU
		{8F0618D8-8200-45E9-9D1E-B268E98E0A84}.Debug|Any CPU.ActiveCfg = Debug|Any CPU
		{8F0618D8-8200-45E9-9D1E-B268E98E0A84}.Debug|Any CPU.Build.0 = Debug|Any CPU
		{8F0618D8-8200-45E9-9D1E-B268E98E0A84}.Release|Any CPU.ActiveCfg = Release|Any CPU
		{8F0618D8-8200-45E9-9D1E-B268E98E0A84}.Release|Any CPU.Build.0 = Release|Any CPU
		{1B38B864-FFA5-498B-93BC-39F17B604202}.Debug|Any CPU.ActiveCfg = Debug|Any CPU
		{1B38B864-FFA5-498B-93BC-39F17B604202}.Debug|Any CPU.Build.0 = Debug|Any CPU
		{1B38B864-FFA5-498B-93BC-39F17B604202}.Release|Any CPU.ActiveCfg = Release|Any CPU
		{1B38B864-FFA5-498B-93BC-39F17B604202}.Release|Any CPU.Build.0 = Release|Any CPU
		{31E60906-0D56-465A-B9C6-3C6DB2E0EB59}.Debug|Any CPU.ActiveCfg = Debug|Any CPU
		{31E60906-0D56-465A-B9C6-3C6DB2E0EB59}.Debug|Any CPU.Build.0 = Debug|Any CPU
		{31E60906-0D56-465A-B9C6-3C6DB2E0EB59}.Release|Any CPU.ActiveCfg = Release|Any CPU
		{31E60906-0D56-465A-B9C6-3C6DB2E0EB59}.Release|Any CPU.Build.0 = Release|Any CPU
	EndGlobalSection
	GlobalSection(SolutionProperties) = preSolution
		HideSolutionNode = FALSE
	EndGlobalSection
	GlobalSection(NestedProjects) = preSolution
		{9467E0EE-9750-4211-8964-F8731C09BFC0} = {805807CA-32A9-4098-8A88-96A6562EC482}
		{78C3B303-08D5-4F40-AE7D-16A23D9E8694} = {805807CA-32A9-4098-8A88-96A6562EC482}
		{7A0103A4-9273-4EDD-8FCC-118E230638A7} = {805807CA-32A9-4098-8A88-96A6562EC482}
		{7C04A49C-39C4-4F42-8ACD-90DBCC385FAE} = {E1AD382E-CF73-4008-94BE-80F2DA58EE6B}
		{31E60906-0D56-465A-B9C6-3C6DB2E0EB59} = {805807CA-32A9-4098-8A88-96A6562EC482}
	EndGlobalSection
	GlobalSection(ExtensibilityGlobals) = postSolution
		SolutionGuid = {FBE709DD-8006-400C-89BA-8F1247C17346}
	EndGlobalSection
EndGlobal
